{
  "originHash" : "f01c2c1dafa3fbd9954efe10890ab24207ea9b42ec498e65ea56275e4f8987e3",
  "pins" : [
    {
      "identity" : "qkmrzparser",
      "kind" : "remoteSourceControl",
      "location" : "https://github.com/pbzek/QKMRZParser",
      "state" : {
        "revision" : "b9d9fe7b476ea5161657590e39197fbb08182cdd",
        "version" : "3.0.0"
      }
    }
  ],
  "version" : 3
}
