{
  "originHash" : "c6797935648891bf53c4908cf39e75c00c4be1aaf96c3a062c4a41a414d22961",
  "pins" : [
    {
      "identity" : "qkmrzparser",
      "kind" : "remoteSourceControl",
      "location" : "https://github.com/Mattijah/QKMRZParser",
      "state" : {
        "revision" : "ef79fdfa691e6323e729e33c2f79bace10286f49",
        "version" : "2.0.0"
      }
    }
  ],
  "version" : 3
}
